
Microsoft Visual Studio Solution File, Format Version 12.00
# Visual Studio 2013
VisualStudioVersion = 12.0.31101.0
MinimumVisualStudioVersion = 10.0.40219.1
Project("{FAE04EC0-301F-11D3-BF4B-00C04F79EFBC}") = "ComplexTypeWS", "ComplexTypeWS\ComplexTypeWS.csproj", "{810174AC-61FC-42BA-8F99-1F62A43E2D07}"
EndProject
Project("{FAE04EC0-301F-11D3-BF4B-00C04F79EFBC}") = "DynamicInvokeWS", "DynamicInvokeWS\DynamicInvokeWS.csproj", "{B6ADBC2E-5843-4BAB-9D83-AE4F5EC2A7C5}"
EndProject
Global
	GlobalSection(SolutionConfigurationPlatforms) = preSolution
		Debug|Any CPU = Debug|Any CPU
		Release|Any CPU = Release|Any CPU
	EndGlobalSection
	GlobalSection(ProjectConfigurationPlatforms) = postSolution
		{810174AC-61FC-42BA-8F99-1F62A43E2D07}.Debug|Any CPU.ActiveCfg = Debug|Any CPU
		{810174AC-61FC-42BA-8F99-1F62A43E2D07}.Debug|Any CPU.Build.0 = Debug|Any CPU
		{810174AC-61FC-42BA-8F99-1F62A43E2D07}.Release|Any CPU.ActiveCfg = Release|Any CPU
		{810174AC-61FC-42BA-8F99-1F62A43E2D07}.Release|Any CPU.Build.0 = Release|Any CPU
		{B6ADBC2E-5843-4BAB-9D83-AE4F5EC2A7C5}.Debug|Any CPU.ActiveCfg = Debug|Any CPU
		{B6ADBC2E-5843-4BAB-9D83-AE4F5EC2A7C5}.Debug|Any CPU.Build.0 = Debug|Any CPU
		{B6ADBC2E-5843-4BAB-9D83-AE4F5EC2A7C5}.Release|Any CPU.ActiveCfg = Release|Any CPU
		{B6ADBC2E-5843-4BAB-9D83-AE4F5EC2A7C5}.Release|Any CPU.Build.0 = Release|Any CPU
	EndGlobalSection
	GlobalSection(SolutionProperties) = preSolution
		HideSolutionNode = FALSE
	EndGlobalSection
EndGlobal
